
Microsoft Visual Studio Solution File, Format Version 12.00
# Visual Studio Version 16
VisualStudioVersion = 16.0.31613.86
MinimumVisualStudioVersion = 10.0.40219.1
Project("{FAE04EC0-301F-11D3-BF4B-00C04F79EFBC}") = "senai.inlock.webApi.", "..\senai.inlock.webApi\senai.inlock.webApi..csproj", "{3CD6C883-6365-4788-A1FB-8D6A535860BF}"
EndProject
Global
	GlobalSection(SolutionConfigurationPlatforms) = preSolution
		Debug|Any CPU = Debug|Any CPU
		Release|Any CPU = Release|Any CPU
	EndGlobalSection
	GlobalSection(ProjectConfigurationPlatforms) = postSolution
		{3CD6C883-6365-4788-A1FB-8D6A535860BF}.Debug|Any CPU.ActiveCfg = Debug|Any CPU
		{3CD6C883-6365-4788-A1FB-8D6A535860BF}.Debug|Any CPU.Build.0 = Debug|Any CPU
		{3CD6C883-6365-4788-A1FB-8D6A535860BF}.Release|Any CPU.ActiveCfg = Release|Any CPU
		{3CD6C883-6365-4788-A1FB-8D6A535860BF}.Release|Any CPU.Build.0 = Release|Any CPU
	EndGlobalSection
	GlobalSection(SolutionProperties) = preSolution
		HideSolutionNode = FALSE
	EndGlobalSection
	GlobalSection(ExtensibilityGlobals) = postSolution
		SolutionGuid = {B011F31B-72A5-4E25-B030-ADA879488FB8}
	EndGlobalSection
EndGlobal
